{
  "name": "myrepo",
  "version": "1.0.0",
  "lockfileVersion": 3,
  "requires": true,
  "packages": {
    "": {
      "name": "myrepo",
      "version": "1.0.0",
      "license": "ISC",
      "workspaces": [
        "libs/rido-hw",
        "libs/lib23"
      ]
    },
    "libs/lib23": {
      "version": "1.0.0",
      "license": "ISC"
    },
    "libs/rido-hw": {
      "version": "1.0.0",
      "license": "ISC",
      "dependencies": {
        "chalk": "^5.3.0",
        "lib23": "1.0.0"
      }
    },
    "node_modules/chalk": {
      "version": "5.3.0",
      "license": "MIT",
      "engines": {
        "node": "^12.17.0 || ^14.13 || >=16.0.0"
      },
      "funding": {
        "url": "https://github.com/chalk/chalk?sponsor=1"
      }
    },
    "node_modules/lib23": {
      "resolved": "libs/lib23",
      "link": true
    },
    "node_modules/rido-hw": {
      "resolved": "libs/rido-hw",
      "link": true
    }
  }
}
